
Microsoft Visual Studio Solution File, Format Version 12.00
# Visual Studio Version 16
VisualStudioVersion = 16.0.28803.202
MinimumVisualStudioVersion = 10.0.40219.1
Project("{9A19103F-16F7-4668-BE54-9A1E7A4F7556}") = "Inbucket.CSharp.Client", "Inbucket.CSharp.Client\Inbucket.CSharp.Client.csproj", "{9EB57C70-4570-40A2-9A78-4612496986CD}"
EndProject
Project("{2150E333-8FDC-42A3-9474-1A3956D46DE8}") = "Solution Items", "Solution Items", "{9AF29A50-FED7-4432-A45D-ECECDDF40D0A}"
	ProjectSection(SolutionItems) = preProject
		.gitignore = .gitignore
		LICENSE = LICENSE
		README.md = README.md
	EndProjectSection
EndProject
Project("{9A19103F-16F7-4668-BE54-9A1E7A4F7556}") = "Inbucket.CSharp.Client.Test", "Inbucket.CSharp.Client.Test\Inbucket.CSharp.Client.Test.csproj", "{A8675C73-3A2F-44B5-ABD4-333ACD50D574}"
EndProject
Global
	GlobalSection(SolutionConfigurationPlatforms) = preSolution
		Debug|Any CPU = Debug|Any CPU
		Release|Any CPU = Release|Any CPU
	EndGlobalSection
	GlobalSection(ProjectConfigurationPlatforms) = postSolution
		{9EB57C70-4570-40A2-9A78-4612496986CD}.Debug|Any CPU.ActiveCfg = Debug|Any CPU
		{9EB57C70-4570-40A2-9A78-4612496986CD}.Debug|Any CPU.Build.0 = Debug|Any CPU
		{9EB57C70-4570-40A2-9A78-4612496986CD}.Release|Any CPU.ActiveCfg = Release|Any CPU
		{9EB57C70-4570-40A2-9A78-4612496986CD}.Release|Any CPU.Build.0 = Release|Any CPU
		{A8675C73-3A2F-44B5-ABD4-333ACD50D574}.Debug|Any CPU.ActiveCfg = Debug|Any CPU
		{A8675C73-3A2F-44B5-ABD4-333ACD50D574}.Debug|Any CPU.Build.0 = Debug|Any CPU
		{A8675C73-3A2F-44B5-ABD4-333ACD50D574}.Release|Any CPU.ActiveCfg = Release|Any CPU
		{A8675C73-3A2F-44B5-ABD4-333ACD50D574}.Release|Any CPU.Build.0 = Release|Any CPU
	EndGlobalSection
	GlobalSection(SolutionProperties) = preSolution
		HideSolutionNode = FALSE
	EndGlobalSection
	GlobalSection(ExtensibilityGlobals) = postSolution
		SolutionGuid = {B8BB3D2D-A925-4669-B527-1599BA6EA3F6}
	EndGlobalSection
EndGlobal
