
Microsoft Visual Studio Solution File, Format Version 12.00
# Visual Studio Version 16
VisualStudioVersion = 16.0.28803.202
MinimumVisualStudioVersion = 10.0.40219.1
Project("{FAE04EC0-301F-11D3-BF4B-00C04F79EFBC}") = "Inbucket.CSharp.Client", "Inbucket.CSharp.Client\Inbucket.CSharp.Client.csproj", "{9EB57C70-4570-40A2-9A78-4612496986CD}"
EndProject
Global
	GlobalSection(SolutionConfigurationPlatforms) = preSolution
		Debug|Any CPU = Debug|Any CPU
		Release|Any CPU = Release|Any CPU
	EndGlobalSection
	GlobalSection(ProjectConfigurationPlatforms) = postSolution
		{9EB57C70-4570-40A2-9A78-4612496986CD}.Debug|Any CPU.ActiveCfg = Debug|Any CPU
		{9EB57C70-4570-40A2-9A78-4612496986CD}.Debug|Any CPU.Build.0 = Debug|Any CPU
		{9EB57C70-4570-40A2-9A78-4612496986CD}.Release|Any CPU.ActiveCfg = Release|Any CPU
		{9EB57C70-4570-40A2-9A78-4612496986CD}.Release|Any CPU.Build.0 = Release|Any CPU
	EndGlobalSection
	GlobalSection(SolutionProperties) = preSolution
		HideSolutionNode = FALSE
	EndGlobalSection
	GlobalSection(ExtensibilityGlobals) = postSolution
		SolutionGuid = {B8BB3D2D-A925-4669-B527-1599BA6EA3F6}
	EndGlobalSection
EndGlobal
